// !$*UTF8*$!
{
	archiveVersion = 1;
	classes = {
	};
	objectVersion = 77;
	objects = {

/* Begin PBXBuildFile section */
		5AC20F1C2CFB13090066816D /* SplashViewController.swift in Sources */ = {isa = PBXBuildFile; fileRef = 5AC20F1B2CFB13030066816D /* SplashViewController.swift */; };
/* End PBXBuildFile section */

/* Begin PBXContainerItemProxy section */
		5AC20EFE2CFB0D400066816D /* PBXContainerItemProxy */ = {
			isa = PBXContainerItemProxy;
			containerPortal = 5AC20EDF2CFB0D3E0066816D /* Project object */;
			proxyType = 1;
			remoteGlobalIDString = 5AC20EE62CFB0D3E0066816D;
			remoteInfo = "Stay Connected";
		};
		5AC20F082CFB0D400066816D /* PBXContainerItemProxy */ = {
			isa = PBXContainerItemProxy;
			containerPortal = 5AC20EDF2CFB0D3E0066816D /* Project object */;
			proxyType = 1;
			remoteGlobalIDString = 5AC20EE62CFB0D3E0066816D;
			remoteInfo = "Stay Connected";
		};
/* End PBXContainerItemProxy section */

/* Begin PBXFileReference section */
		5AC20EE72CFB0D3E0066816D /* Stay Connected.app */ = {isa = PBXFileReference; explicitFileType = wrapper.application; includeInIndex = 0; path = "Stay Connected.app"; sourceTree = BUILT_PRODUCTS_DIR; };
		5AC20EFD2CFB0D400066816D /* Stay ConnectedTests.xctest */ = {isa = PBXFileReference; explicitFileType = wrapper.cfbundle; includeInIndex = 0; path = "Stay ConnectedTests.xctest"; sourceTree = BUILT_PRODUCTS_DIR; };
		5AC20F072CFB0D400066816D /* Stay ConnectedUITests.xctest */ = {isa = PBXFileReference; explicitFileType = wrapper.cfbundle; includeInIndex = 0; path = "Stay ConnectedUITests.xctest"; sourceTree = BUILT_PRODUCTS_DIR; };
		5AC20F1B2CFB13030066816D /* SplashViewController.swift */ = {isa = PBXFileReference; lastKnownFileType = sourcecode.swift; path = SplashViewController.swift; sourceTree = "<group>"; };
/* End PBXFileReference section */

/* Begin PBXFileSystemSynchronizedBuildFileExceptionSet section */
		5AC20F0F2CFB0D400066816D /* Exceptions for "Stay Connected" folder in "Stay Connected" target */ = {
			isa = PBXFileSystemSynchronizedBuildFileExceptionSet;
			membershipExceptions = (
				Info.plist,
			);
			target = 5AC20EE62CFB0D3E0066816D /* Stay Connected */;
		};
/* End PBXFileSystemSynchronizedBuildFileExceptionSet section */

/* Begin PBXFileSystemSynchronizedRootGroup section */
		5AC20EE92CFB0D3E0066816D /* Stay Connected */ = {
			isa = PBXFileSystemSynchronizedRootGroup;
			exceptions = (
				5AC20F0F2CFB0D400066816D /* Exceptions for "Stay Connected" folder in "Stay Connected" target */,
			);
			path = "Stay Connected";
			sourceTree = "<group>";
		};
		5AC20F002CFB0D400066816D /* Stay ConnectedTests */ = {
			isa = PBXFileSystemSynchronizedRootGroup;
			path = "Stay ConnectedTests";
			sourceTree = "<group>";
		};
		5AC20F0A2CFB0D400066816D /* Stay ConnectedUITests */ = {
			isa = PBXFileSystemSynchronizedRootGroup;
			path = "Stay ConnectedUITests";
			sourceTree = "<group>";
		};
		5AC20F1F2CFB41930066816D /* Models */ = {
			isa = PBXFileSystemSynchronizedRootGroup;
			path = Models;
			sourceTree = "<group>";
		};
		5AC20F262CFB41AE0066816D /* ViewModels */ = {
			isa = PBXFileSystemSynchronizedRootGroup;
			path = ViewModels;
			sourceTree = "<group>";
		};
		5AC20F2A2CFB41C40066816D /* Views */ = {
			isa = PBXFileSystemSynchronizedRootGroup;
			path = Views;
			sourceTree = "<group>";
		};
		5AC20F2E2CFB42170066816D /* Services */ = {
			isa = PBXFileSystemSynchronizedRootGroup;
			path = Services;
			sourceTree = "<group>";
		};
		5AC20F352CFB423E0066816D /* Helpers */ = {
			isa = PBXFileSystemSynchronizedRootGroup;
			path = Helpers;
			sourceTree = "<group>";
		};
/* End PBXFileSystemSynchronizedRootGroup section */

/* Begin PBXFrameworksBuildPhase section */
		5AC20EE42CFB0D3E0066816D /* Frameworks */ = {
			isa = PBXFrameworksBuildPhase;
			buildActionMask = 2147483647;
			files = (
			);
			runOnlyForDeploymentPostprocessing = 0;
		};
		5AC20EFA2CFB0D400066816D /* Frameworks */ = {
			isa = PBXFrameworksBuildPhase;
			buildActionMask = 2147483647;
			files = (
			);
			runOnlyForDeploymentPostprocessing = 0;
		};
		5AC20F042CFB0D400066816D /* Frameworks */ = {
			isa = PBXFrameworksBuildPhase;
			buildActionMask = 2147483647;
			files = (
			);
			runOnlyForDeploymentPostprocessing = 0;
		};
/* End PBXFrameworksBuildPhase section */

/* Begin PBXGroup section */
		5AC20EDE2CFB0D3E0066816D = {
			isa = PBXGroup;
			children = (
				5AC20F352CFB423E0066816D /* Helpers */,
				5AC20F2E2CFB42170066816D /* Services */,
				5AC20F2A2CFB41C40066816D /* Views */,
				5AC20F262CFB41AE0066816D /* ViewModels */,
				5AC20F1F2CFB41930066816D /* Models */,
				5AC20EE92CFB0D3E0066816D /* Stay Connected */,
				5AC20F002CFB0D400066816D /* Stay ConnectedTests */,
				5AC20F0A2CFB0D400066816D /* Stay ConnectedUITests */,
				5AC20EE82CFB0D3E0066816D /* Products */,
				5AC20F1B2CFB13030066816D /* SplashViewController.swift */,
			);
			sourceTree = "<group>";
		};
		5AC20EE82CFB0D3E0066816D /* Products */ = {
			isa = PBXGroup;
			children = (
				5AC20EE72CFB0D3E0066816D /* Stay Connected.app */,
				5AC20EFD2CFB0D400066816D /* Stay ConnectedTests.xctest */,
				5AC20F072CFB0D400066816D /* Stay ConnectedUITests.xctest */,
			);
			name = Products;
			sourceTree = "<group>";
		};
/* End PBXGroup section */

/* Begin PBXNativeTarget section */
		5AC20EE62CFB0D3E0066816D /* Stay Connected */ = {
			isa = PBXNativeTarget;
			buildConfigurationList = 5AC20F102CFB0D400066816D /* Build configuration list for PBXNativeTarget "Stay Connected" */;
			buildPhases = (
				5AC20EE32CFB0D3E0066816D /* Sources */,
				5AC20EE42CFB0D3E0066816D /* Frameworks */,
				5AC20EE52CFB0D3E0066816D /* Resources */,
			);
			buildRules = (
			);
			dependencies = (
			);
			fileSystemSynchronizedGroups = (
				5AC20EE92CFB0D3E0066816D /* Stay Connected */,
				5AC20F1F2CFB41930066816D /* Models */,
				5AC20F262CFB41AE0066816D /* ViewModels */,
				5AC20F2A2CFB41C40066816D /* Views */,
				5AC20F2E2CFB42170066816D /* Services */,
				5AC20F352CFB423E0066816D /* Helpers */,
			);
			name = "Stay Connected";
			packageProductDependencies = (
			);
			productName = "Stay Connected";
			productReference = 5AC20EE72CFB0D3E0066816D /* Stay Connected.app */;
			productType = "com.apple.product-type.application";
		};
		5AC20EFC2CFB0D400066816D /* Stay ConnectedTests */ = {
			isa = PBXNativeTarget;
			buildConfigurationList = 5AC20F152CFB0D400066816D /* Build configuration list for PBXNativeTarget "Stay ConnectedTests" */;
			buildPhases = (
				5AC20EF92CFB0D400066816D /* Sources */,
				5AC20EFA2CFB0D400066816D /* Frameworks */,
				5AC20EFB2CFB0D400066816D /* Resources */,
			);
			buildRules = (
			);
			dependencies = (
				5AC20EFF2CFB0D400066816D /* PBXTargetDependency */,
			);
			fileSystemSynchronizedGroups = (
				5AC20F002CFB0D400066816D /* Stay ConnectedTests */,
			);
			name = "Stay ConnectedTests";
			packageProductDependencies = (
			);
			productName = "Stay ConnectedTests";
			productReference = 5AC20EFD2CFB0D400066816D /* Stay ConnectedTests.xctest */;
			productType = "com.apple.product-type.bundle.unit-test";
		};
		5AC20F062CFB0D400066816D /* Stay ConnectedUITests */ = {
			isa = PBXNativeTarget;
			buildConfigurationList = 5AC20F182CFB0D400066816D /* Build configuration list for PBXNativeTarget "Stay ConnectedUITests" */;
			buildPhases = (
				5AC20F032CFB0D400066816D /* Sources */,
				5AC20F042CFB0D400066816D /* Frameworks */,
				5AC20F052CFB0D400066816D /* Resources */,
			);
			buildRules = (
			);
			dependencies = (
				5AC20F092CFB0D400066816D /* PBXTargetDependency */,
			);
			fileSystemSynchronizedGroups = (
				5AC20F0A2CFB0D400066816D /* Stay ConnectedUITests */,
			);
			name = "Stay ConnectedUITests";
			packageProductDependencies = (
			);
			productName = "Stay ConnectedUITests";
			productReference = 5AC20F072CFB0D400066816D /* Stay ConnectedUITests.xctest */;
			productType = "com.apple.product-type.bundle.ui-testing";
		};
/* End PBXNativeTarget section */

/* Begin PBXProject section */
		5AC20EDF2CFB0D3E0066816D /* Project object */ = {
			isa = PBXProject;
			attributes = {
				BuildIndependentTargetsInParallel = 1;
				LastSwiftUpdateCheck = 1610;
				LastUpgradeCheck = 1610;
				TargetAttributes = {
					5AC20EE62CFB0D3E0066816D = {
						CreatedOnToolsVersion = 16.1;
					};
					5AC20EFC2CFB0D400066816D = {
						CreatedOnToolsVersion = 16.1;
						TestTargetID = 5AC20EE62CFB0D3E0066816D;
					};
					5AC20F062CFB0D400066816D = {
						CreatedOnToolsVersion = 16.1;
						TestTargetID = 5AC20EE62CFB0D3E0066816D;
					};
				};
			};
			buildConfigurationList = 5AC20EE22CFB0D3E0066816D /* Build configuration list for PBXProject "Stay Connected" */;
			developmentRegion = en;
			hasScannedForEncodings = 0;
			knownRegions = (
				en,
				Base,
			);
			mainGroup = 5AC20EDE2CFB0D3E0066816D;
			minimizedProjectReferenceProxies = 1;
			preferredProjectObjectVersion = 77;
			productRefGroup = 5AC20EE82CFB0D3E0066816D /* Products */;
			projectDirPath = "";
			projectRoot = "";
			targets = (
				5AC20EE62CFB0D3E0066816D /* Stay Connected */,
				5AC20EFC2CFB0D400066816D /* Stay ConnectedTests */,
				5AC20F062CFB0D400066816D /* Stay ConnectedUITests */,
			);
		};
/* End PBXProject section */

/* Begin PBXResourcesBuildPhase section */
		5AC20EE52CFB0D3E0066816D /* Resources */ = {
			isa = PBXResourcesBuildPhase;
			buildActionMask = 2147483647;
			files = (
			);
			runOnlyForDeploymentPostprocessing = 0;
		};
		5AC20EFB2CFB0D400066816D /* Resources */ = {
			isa = PBXResourcesBuildPhase;
			buildActionMask = 2147483647;
			files = (
			);
			runOnlyForDeploymentPostprocessing = 0;
		};
		5AC20F052CFB0D400066816D /* Resources */ = {
			isa = PBXResourcesBuildPhase;
			buildActionMask = 2147483647;
			files = (
			);
			runOnlyForDeploymentPostprocessing = 0;
		};
/* End PBXResourcesBuildPhase section */

/* Begin PBXSourcesBuildPhase section */
		5AC20EE32CFB0D3E0066816D /* Sources */ = {
			isa = PBXSourcesBuildPhase;
			buildActionMask = 2147483647;
			files = (
				5AC20F1C2CFB13090066816D /* SplashViewController.swift in Sources */,
			);
			runOnlyForDeploymentPostprocessing = 0;
		};
		5AC20EF92CFB0D400066816D /* Sources */ = {
			isa = PBXSourcesBuildPhase;
			buildActionMask = 2147483647;
			files = (
			);
			runOnlyForDeploymentPostprocessing = 0;
		};
		5AC20F032CFB0D400066816D /* Sources */ = {
			isa = PBXSourcesBuildPhase;
			buildActionMask = 2147483647;
			files = (
			);
			runOnlyForDeploymentPostprocessing = 0;
		};
/* End PBXSourcesBuildPhase section */

/* Begin PBXTargetDependency section */
		5AC20EFF2CFB0D400066816D /* PBXTargetDependency */ = {
			isa = PBXTargetDependency;
			target = 5AC20EE62CFB0D3E0066816D /* Stay Connected */;
			targetProxy = 5AC20EFE2CFB0D400066816D /* PBXContainerItemProxy */;
		};
		5AC20F092CFB0D400066816D /* PBXTargetDependency */ = {
			isa = PBXTargetDependency;
			target = 5AC20EE62CFB0D3E0066816D /* Stay Connected */;
			targetProxy = 5AC20F082CFB0D400066816D /* PBXContainerItemProxy */;
		};
/* End PBXTargetDependency section */

/* Begin XCBuildConfiguration section */
		5AC20F112CFB0D400066816D /* Debug */ = {
			isa = XCBuildConfiguration;
			buildSettings = {
				ASSETCATALOG_COMPILER_APPICON_NAME = AppIcon;
				ASSETCATALOG_COMPILER_GLOBAL_ACCENT_COLOR_NAME = AccentColor;
				CODE_SIGN_STYLE = Automatic;
				CURRENT_PROJECT_VERSION = 1;
				GENERATE_INFOPLIST_FILE = YES;
				INFOPLIST_FILE = "Stay Connected/Info.plist";
				INFOPLIST_KEY_UIApplicationSupportsIndirectInputEvents = YES;
				INFOPLIST_KEY_UILaunchStoryboardName = LaunchScreen;
				INFOPLIST_KEY_UIMainStoryboardFile = Main;
				INFOPLIST_KEY_UISupportedInterfaceOrientations_iPad = "UIInterfaceOrientationPortrait UIInterfaceOrientationPortraitUpsideDown UIInterfaceOrientationLandscapeLeft UIInterfaceOrientationLandscapeRight";
				INFOPLIST_KEY_UISupportedInterfaceOrientations_iPhone = "UIInterfaceOrientationPortrait UIInterfaceOrientationLandscapeLeft UIInterfaceOrientationLandscapeRight";
				LD_RUNPATH_SEARCH_PATHS = (
					"$(inherited)",
					"@executable_path/Frameworks",
				);
				MARKETING_VERSION = 1.0;
				PRODUCT_BUNDLE_IDENTIFIER = "Riviansoft.Stay-Connected";
				PRODUCT_NAME = "$(TARGET_NAME)";
				SWIFT_EMIT_LOC_STRINGS = YES;
				SWIFT_VERSION = 5.0;
				TARGETED_DEVICE_FAMILY = "1,2";
			};
			name = Debug;
		};
		5AC20F122CFB0D400066816D /* Release */ = {
			isa = XCBuildConfiguration;
			buildSettings = {
				ASSETCATALOG_COMPILER_APPICON_NAME = AppIcon;
				ASSETCATALOG_COMPILER_GLOBAL_ACCENT_COLOR_NAME = AccentColor;
				CODE_SIGN_STYLE = Automatic;
				CURRENT_PROJECT_VERSION = 1;
				GENERATE_INFOPLIST_FILE = YES;
				INFOPLIST_FILE = "Stay Connected/Info.plist";
				INFOPLIST_KEY_UIApplicationSupportsIndirectInputEvents = YES;
				INFOPLIST_KEY_UILaunchStoryboardName = LaunchScreen;
				INFOPLIST_KEY_UIMainStoryboardFile = Main;
				INFOPLIST_KEY_UISupportedInterfaceOrientations_iPad = "UIInterfaceOrientationPortrait UIInterfaceOrientationPortraitUpsideDown UIInterfaceOrientationLandscapeLeft UIInterfaceOrientationLandscapeRight";
				INFOPLIST_KEY_UISupportedInterfaceOrientations_iPhone = "UIInterfaceOrientationPortrait UIInterfaceOrientationLandscapeLeft UIInterfaceOrientationLandscapeRight";
				LD_RUNPATH_SEARCH_PATHS = (
					"$(inherited)",
					"@executable_path/Frameworks",
				);
				MARKETING_VERSION = 1.0;
				PRODUCT_BUNDLE_IDENTIFIER = "Riviansoft.Stay-Connected";
				PRODUCT_NAME = "$(TARGET_NAME)";
				SWIFT_EMIT_LOC_STRINGS = YES;
				SWIFT_VERSION = 5.0;
				TARGETED_DEVICE_FAMILY = "1,2";
			};
			name = Release;
		};
		5AC20F132CFB0D400066816D /* Debug */ = {
			isa = XCBuildConfiguration;
			buildSettings = {
				ALWAYS_SEARCH_USER_PATHS = NO;
				ASSETCATALOG_COMPILER_GENERATE_SWIFT_ASSET_SYMBOL_EXTENSIONS = YES;
				CLANG_ANALYZER_NONNULL = YES;
				CLANG_ANALYZER_NUMBER_OBJECT_CONVERSION = YES_AGGRESSIVE;
				CLANG_CXX_LANGUAGE_STANDARD = "gnu++20";
				CLANG_ENABLE_MODULES = YES;
				CLANG_ENABLE_OBJC_ARC = YES;
				CLANG_ENABLE_OBJC_WEAK = YES;
				CLANG_WARN_BLOCK_CAPTURE_AUTORELEASING = YES;
				CLANG_WARN_BOOL_CONVERSION = YES;
				CLANG_WARN_COMMA = YES;
				CLANG_WARN_CONSTANT_CONVERSION = YES;
				CLANG_WARN_DEPRECATED_OBJC_IMPLEMENTATIONS = YES;
				CLANG_WARN_DIRECT_OBJC_ISA_USAGE = YES_ERROR;
				CLANG_WARN_DOCUMENTATION_COMMENTS = YES;
				CLANG_WARN_EMPTY_BODY = YES;
				CLANG_WARN_ENUM_CONVERSION = YES;
				CLANG_WARN_INFINITE_RECURSION = YES;
				CLANG_WARN_INT_CONVERSION = YES;
				CLANG_WARN_NON_LITERAL_NULL_CONVERSION = YES;
				CLANG_WARN_OBJC_IMPLICIT_RETAIN_SELF = YES;
				CLANG_WARN_OBJC_LITERAL_CONVERSION = YES;
				CLANG_WARN_OBJC_ROOT_CLASS = YES_ERROR;
				CLANG_WARN_QUOTED_INCLUDE_IN_FRAMEWORK_HEADER = YES;
				CLANG_WARN_RANGE_LOOP_ANALYSIS = YES;
				CLANG_WARN_STRICT_PROTOTYPES = YES;
				CLANG_WARN_SUSPICIOUS_MOVE = YES;
				CLANG_WARN_UNGUARDED_AVAILABILITY = YES_AGGRESSIVE;
				CLANG_WARN_UNREACHABLE_CODE = YES;
				CLANG_WARN__DUPLICATE_METHOD_MATCH = YES;
				COPY_PHASE_STRIP = NO;
				DEBUG_INFORMATION_FORMAT = dwarf;
				ENABLE_STRICT_OBJC_MSGSEND = YES;
				ENABLE_TESTABILITY = YES;
				ENABLE_USER_SCRIPT_SANDBOXING = YES;
				GCC_C_LANGUAGE_STANDARD = gnu17;
				GCC_DYNAMIC_NO_PIC = NO;
				GCC_NO_COMMON_BLOCKS = YES;
				GCC_OPTIMIZATION_LEVEL = 0;
				GCC_PREPROCESSOR_DEFINITIONS = (
					"DEBUG=1",
					"$(inherited)",
				);
				GCC_WARN_64_TO_32_BIT_CONVERSION = YES;
				GCC_WARN_ABOUT_RETURN_TYPE = YES_ERROR;
				GCC_WARN_UNDECLARED_SELECTOR = YES;
				GCC_WARN_UNINITIALIZED_AUTOS = YES_AGGRESSIVE;
				GCC_WARN_UNUSED_FUNCTION = YES;
				GCC_WARN_UNUSED_VARIABLE = YES;
				IPHONEOS_DEPLOYMENT_TARGET = 18.1;
				LOCALIZATION_PREFERS_STRING_CATALOGS = YES;
				MTL_ENABLE_DEBUG_INFO = INCLUDE_SOURCE;
				MTL_FAST_MATH = YES;
				ONLY_ACTIVE_ARCH = YES;
				SDKROOT = iphoneos;
				SWIFT_ACTIVE_COMPILATION_CONDITIONS = "DEBUG $(inherited)";
				SWIFT_OPTIMIZATION_LEVEL = "-Onone";
			};
			name = Debug;
		};
		5AC20F142CFB0D400066816D /* Release */ = {
			isa = XCBuildConfiguration;
			buildSettings = {
				ALWAYS_SEARCH_USER_PATHS = NO;
				ASSETCATALOG_COMPILER_GENERATE_SWIFT_ASSET_SYMBOL_EXTENSIONS = YES;
				CLANG_ANALYZER_NONNULL = YES;
				CLANG_ANALYZER_NUMBER_OBJECT_CONVERSION = YES_AGGRESSIVE;
				CLANG_CXX_LANGUAGE_STANDARD = "gnu++20";
				CLANG_ENABLE_MODULES = YES;
				CLANG_ENABLE_OBJC_ARC = YES;
				CLANG_ENABLE_OBJC_WEAK = YES;
				CLANG_WARN_BLOCK_CAPTURE_AUTORELEASING = YES;
				CLANG_WARN_BOOL_CONVERSION = YES;
				CLANG_WARN_COMMA = YES;
				CLANG_WARN_CONSTANT_CONVERSION = YES;
				CLANG_WARN_DEPRECATED_OBJC_IMPLEMENTATIONS = YES;
				CLANG_WARN_DIRECT_OBJC_ISA_USAGE = YES_ERROR;
				CLANG_WARN_DOCUMENTATION_COMMENTS = YES;
				CLANG_WARN_EMPTY_BODY = YES;
				CLANG_WARN_ENUM_CONVERSION = YES;
				CLANG_WARN_INFINITE_RECURSION = YES;
				CLANG_WARN_INT_CONVERSION = YES;
				CLANG_WARN_NON_LITERAL_NULL_CONVERSION = YES;
				CLANG_WARN_OBJC_IMPLICIT_RETAIN_SELF = YES;
				CLANG_WARN_OBJC_LITERAL_CONVERSION = YES;
				CLANG_WARN_OBJC_ROOT_CLASS = YES_ERROR;
				CLANG_WARN_QUOTED_INCLUDE_IN_FRAMEWORK_HEADER = YES;
				CLANG_WARN_RANGE_LOOP_ANALYSIS = YES;
				CLANG_WARN_STRICT_PROTOTYPES = YES;
				CLANG_WARN_SUSPICIOUS_MOVE = YES;
				CLANG_WARN_UNGUARDED_AVAILABILITY = YES_AGGRESSIVE;
				CLANG_WARN_UNREACHABLE_CODE = YES;
				CLANG_WARN__DUPLICATE_METHOD_MATCH = YES;
				COPY_PHASE_STRIP = NO;
				DEBUG_INFORMATION_FORMAT = "dwarf-with-dsym";
				ENABLE_NS_ASSERTIONS = NO;
				ENABLE_STRICT_OBJC_MSGSEND = YES;
				ENABLE_USER_SCRIPT_SANDBOXING = YES;
				GCC_C_LANGUAGE_STANDARD = gnu17;
				GCC_NO_COMMON_BLOCKS = YES;
				GCC_WARN_64_TO_32_BIT_CONVERSION = YES;
				GCC_WARN_ABOUT_RETURN_TYPE = YES_ERROR;
				GCC_WARN_UNDECLARED_SELECTOR = YES;
				GCC_WARN_UNINITIALIZED_AUTOS = YES_AGGRESSIVE;
				GCC_WARN_UNUSED_FUNCTION = YES;
				GCC_WARN_UNUSED_VARIABLE = YES;
				IPHONEOS_DEPLOYMENT_TARGET = 18.1;
				LOCALIZATION_PREFERS_STRING_CATALOGS = YES;
				MTL_ENABLE_DEBUG_INFO = NO;
				MTL_FAST_MATH = YES;
				SDKROOT = iphoneos;
				SWIFT_COMPILATION_MODE = wholemodule;
				VALIDATE_PRODUCT = YES;
			};
			name = Release;
		};
		5AC20F162CFB0D400066816D /* Debug */ = {
			isa = XCBuildConfiguration;
			buildSettings = {
				BUNDLE_LOADER = "$(TEST_HOST)";
				CODE_SIGN_STYLE = Automatic;
				CURRENT_PROJECT_VERSION = 1;
				GENERATE_INFOPLIST_FILE = YES;
				IPHONEOS_DEPLOYMENT_TARGET = 18.1;
				MARKETING_VERSION = 1.0;
				PRODUCT_BUNDLE_IDENTIFIER = "Riviansoft.Stay-ConnectedTests";
				PRODUCT_NAME = "$(TARGET_NAME)";
				SWIFT_EMIT_LOC_STRINGS = NO;
				SWIFT_VERSION = 5.0;
				TARGETED_DEVICE_FAMILY = "1,2";
				TEST_HOST = "$(BUILT_PRODUCTS_DIR)/Stay Connected.app/$(BUNDLE_EXECUTABLE_FOLDER_PATH)/Stay Connected";
			};
			name = Debug;
		};
		5AC20F172CFB0D400066816D /* Release */ = {
			isa = XCBuildConfiguration;
			buildSettings = {
				BUNDLE_LOADER = "$(TEST_HOST)";
				CODE_SIGN_STYLE = Automatic;
				CURRENT_PROJECT_VERSION = 1;
				GENERATE_INFOPLIST_FILE = YES;
				IPHONEOS_DEPLOYMENT_TARGET = 18.1;
				MARKETING_VERSION = 1.0;
				PRODUCT_BUNDLE_IDENTIFIER = "Riviansoft.Stay-ConnectedTests";
				PRODUCT_NAME = "$(TARGET_NAME)";
				SWIFT_EMIT_LOC_STRINGS = NO;
				SWIFT_VERSION = 5.0;
				TARGETED_DEVICE_FAMILY = "1,2";
				TEST_HOST = "$(BUILT_PRODUCTS_DIR)/Stay Connected.app/$(BUNDLE_EXECUTABLE_FOLDER_PATH)/Stay Connected";
			};
			name = Release;
		};
		5AC20F192CFB0D400066816D /* Debug */ = {
			isa = XCBuildConfiguration;
			buildSettings = {
				CODE_SIGN_STYLE = Automatic;
				CURRENT_PROJECT_VERSION = 1;
				GENERATE_INFOPLIST_FILE = YES;
				MARKETING_VERSION = 1.0;
				PRODUCT_BUNDLE_IDENTIFIER = "Riviansoft.Stay-ConnectedUITests";
				PRODUCT_NAME = "$(TARGET_NAME)";
				SWIFT_EMIT_LOC_STRINGS = NO;
				SWIFT_VERSION = 5.0;
				TARGETED_DEVICE_FAMILY = "1,2";
				TEST_TARGET_NAME = "Stay Connected";
			};
			name = Debug;
		};
		5AC20F1A2CFB0D400066816D /* Release */ = {
			isa = XCBuildConfiguration;
			buildSettings = {
				CODE_SIGN_STYLE = Automatic;
				CURRENT_PROJECT_VERSION = 1;
				GENERATE_INFOPLIST_FILE = YES;
				MARKETING_VERSION = 1.0;
				PRODUCT_BUNDLE_IDENTIFIER = "Riviansoft.Stay-ConnectedUITests";
				PRODUCT_NAME = "$(TARGET_NAME)";
				SWIFT_EMIT_LOC_STRINGS = NO;
				SWIFT_VERSION = 5.0;
				TARGETED_DEVICE_FAMILY = "1,2";
				TEST_TARGET_NAME = "Stay Connected";
			};
			name = Release;
		};
/* End XCBuildConfiguration section */

/* Begin XCConfigurationList section */
		5AC20EE22CFB0D3E0066816D /* Build configuration list for PBXProject "Stay Connected" */ = {
			isa = XCConfigurationList;
			buildConfigurations = (
				5AC20F132CFB0D400066816D /* Debug */,
				5AC20F142CFB0D400066816D /* Release */,
			);
			defaultConfigurationIsVisible = 0;
			defaultConfigurationName = Release;
		};
		5AC20F102CFB0D400066816D /* Build configuration list for PBXNativeTarget "Stay Connected" */ = {
			isa = XCConfigurationList;
			buildConfigurations = (
				5AC20F112CFB0D400066816D /* Debug */,
				5AC20F122CFB0D400066816D /* Release */,
			);
			defaultConfigurationIsVisible = 0;
			defaultConfigurationName = Release;
		};
		5AC20F152CFB0D400066816D /* Build configuration list for PBXNativeTarget "Stay ConnectedTests" */ = {
			isa = XCConfigurationList;
			buildConfigurations = (
				5AC20F162CFB0D400066816D /* Debug */,
				5AC20F172CFB0D400066816D /* Release */,
			);
			defaultConfigurationIsVisible = 0;
			defaultConfigurationName = Release;
		};
		5AC20F182CFB0D400066816D /* Build configuration list for PBXNativeTarget "Stay ConnectedUITests" */ = {
			isa = XCConfigurationList;
			buildConfigurations = (
				5AC20F192CFB0D400066816D /* Debug */,
				5AC20F1A2CFB0D400066816D /* Release */,
			);
			defaultConfigurationIsVisible = 0;
			defaultConfigurationName = Release;
		};
/* End XCConfigurationList section */
	};
	rootObject = 5AC20EDF2CFB0D3E0066816D /* Project object */;
}
